
Microsoft Visual Studio Solution File, Format Version 12.00
# Visual Studio Version 18
VisualStudioVersion = 18.0.11018.127
MinimumVisualStudioVersion = 10.0.40219.1
Project("{FAE04EC0-301F-11D3-BF4B-00C04F79EFBC}") = "ArticleService", "articleService\ArticleService.csproj", "{CBFA08EA-AECE-205F-7B85-326FD0B81BAD}"
EndProject
Project("{FAE04EC0-301F-11D3-BF4B-00C04F79EFBC}") = "CommentService", "CommentService\CommentService.csproj", "{FEE5E47D-498C-49AE-A186-2024392684B5}"
EndProject
Project("{FAE04EC0-301F-11D3-BF4B-00C04F79EFBC}") = "ProfanityService", "ProfanityService\ProfanityService.csproj", "{42B8F1F1-A1FC-497C-8B24-8BD9A87F2CB5}"
EndProject
Project("{FAE04EC0-301F-11D3-BF4B-00C04F79EFBC}") = "DraftService", "DraftService\DraftService.csproj", "{5300AE98-3973-4E93-8989-A6D47C953711}"
EndProject
Project("{FAE04EC0-301F-11D3-BF4B-00C04F79EFBC}") = "Monitoring", "Monitoring\Monitoring.csproj", "{D854FBF1-89BC-4390-9FD0-5B5286F17F58}"
EndProject
Project("{FAE04EC0-301F-11D3-BF4B-00C04F79EFBC}") = "PublisherService", "PublisherService\PublisherService.csproj", "{D7F8945F-13E6-4E50-8344-8B4B5DD69198}"
EndProject
Project("{FAE04EC0-301F-11D3-BF4B-00C04F79EFBC}") = "NewsletterService", "NewsletterService\NewsletterService.csproj", "{D80BDBB7-544D-4C6C-975A-F931E4A86069}"
EndProject
Global
	GlobalSection(SolutionConfigurationPlatforms) = preSolution
		Debug|Any CPU = Debug|Any CPU
		Debug|x64 = Debug|x64
		Debug|x86 = Debug|x86
		Release|Any CPU = Release|Any CPU
		Release|x64 = Release|x64
		Release|x86 = Release|x86
	EndGlobalSection
	GlobalSection(ProjectConfigurationPlatforms) = postSolution
		{CBFA08EA-AECE-205F-7B85-326FD0B81BAD}.Debug|Any CPU.ActiveCfg = Debug|Any CPU
		{CBFA08EA-AECE-205F-7B85-326FD0B81BAD}.Debug|Any CPU.Build.0 = Debug|Any CPU
		{CBFA08EA-AECE-205F-7B85-326FD0B81BAD}.Debug|x64.ActiveCfg = Debug|Any CPU
		{CBFA08EA-AECE-205F-7B85-326FD0B81BAD}.Debug|x64.Build.0 = Debug|Any CPU
		{CBFA08EA-AECE-205F-7B85-326FD0B81BAD}.Debug|x86.ActiveCfg = Debug|Any CPU
		{CBFA08EA-AECE-205F-7B85-326FD0B81BAD}.Debug|x86.Build.0 = Debug|Any CPU
		{CBFA08EA-AECE-205F-7B85-326FD0B81BAD}.Release|Any CPU.ActiveCfg = Release|Any CPU
		{CBFA08EA-AECE-205F-7B85-326FD0B81BAD}.Release|Any CPU.Build.0 = Release|Any CPU
		{CBFA08EA-AECE-205F-7B85-326FD0B81BAD}.Release|x64.ActiveCfg = Release|Any CPU
		{CBFA08EA-AECE-205F-7B85-326FD0B81BAD}.Release|x64.Build.0 = Release|Any CPU
		{CBFA08EA-AECE-205F-7B85-326FD0B81BAD}.Release|x86.ActiveCfg = Release|Any CPU
		{CBFA08EA-AECE-205F-7B85-326FD0B81BAD}.Release|x86.Build.0 = Release|Any CPU
		{FEE5E47D-498C-49AE-A186-2024392684B5}.Debug|Any CPU.ActiveCfg = Debug|Any CPU
		{FEE5E47D-498C-49AE-A186-2024392684B5}.Debug|Any CPU.Build.0 = Debug|Any CPU
		{FEE5E47D-498C-49AE-A186-2024392684B5}.Debug|x64.ActiveCfg = Debug|Any CPU
		{FEE5E47D-498C-49AE-A186-2024392684B5}.Debug|x64.Build.0 = Debug|Any CPU
		{FEE5E47D-498C-49AE-A186-2024392684B5}.Debug|x86.ActiveCfg = Debug|Any CPU
		{FEE5E47D-498C-49AE-A186-2024392684B5}.Debug|x86.Build.0 = Debug|Any CPU
		{FEE5E47D-498C-49AE-A186-2024392684B5}.Release|Any CPU.ActiveCfg = Release|Any CPU
		{FEE5E47D-498C-49AE-A186-2024392684B5}.Release|Any CPU.Build.0 = Release|Any CPU
		{FEE5E47D-498C-49AE-A186-2024392684B5}.Release|x64.ActiveCfg = Release|Any CPU
		{FEE5E47D-498C-49AE-A186-2024392684B5}.Release|x64.Build.0 = Release|Any CPU
		{FEE5E47D-498C-49AE-A186-2024392684B5}.Release|x86.ActiveCfg = Release|Any CPU
		{FEE5E47D-498C-49AE-A186-2024392684B5}.Release|x86.Build.0 = Release|Any CPU
		{42B8F1F1-A1FC-497C-8B24-8BD9A87F2CB5}.Debug|Any CPU.ActiveCfg = Debug|Any CPU
		{42B8F1F1-A1FC-497C-8B24-8BD9A87F2CB5}.Debug|Any CPU.Build.0 = Debug|Any CPU
		{42B8F1F1-A1FC-497C-8B24-8BD9A87F2CB5}.Debug|x64.ActiveCfg = Debug|Any CPU
		{42B8F1F1-A1FC-497C-8B24-8BD9A87F2CB5}.Debug|x64.Build.0 = Debug|Any CPU
		{42B8F1F1-A1FC-497C-8B24-8BD9A87F2CB5}.Debug|x86.ActiveCfg = Debug|Any CPU
		{42B8F1F1-A1FC-497C-8B24-8BD9A87F2CB5}.Debug|x86.Build.0 = Debug|Any CPU
		{42B8F1F1-A1FC-497C-8B24-8BD9A87F2CB5}.Release|Any CPU.ActiveCfg = Release|Any CPU
		{42B8F1F1-A1FC-497C-8B24-8BD9A87F2CB5}.Release|Any CPU.Build.0 = Release|Any CPU
		{42B8F1F1-A1FC-497C-8B24-8BD9A87F2CB5}.Release|x64.ActiveCfg = Release|Any CPU
		{42B8F1F1-A1FC-497C-8B24-8BD9A87F2CB5}.Release|x64.Build.0 = Release|Any CPU
		{42B8F1F1-A1FC-497C-8B24-8BD9A87F2CB5}.Release|x86.ActiveCfg = Release|Any CPU
		{42B8F1F1-A1FC-497C-8B24-8BD9A87F2CB5}.Release|x86.Build.0 = Release|Any CPU
		{5300AE98-3973-4E93-8989-A6D47C953711}.Debug|Any CPU.ActiveCfg = Debug|Any CPU
		{5300AE98-3973-4E93-8989-A6D47C953711}.Debug|Any CPU.Build.0 = Debug|Any CPU
		{5300AE98-3973-4E93-8989-A6D47C953711}.Debug|x64.ActiveCfg = Debug|Any CPU
		{5300AE98-3973-4E93-8989-A6D47C953711}.Debug|x64.Build.0 = Debug|Any CPU
		{5300AE98-3973-4E93-8989-A6D47C953711}.Debug|x86.ActiveCfg = Debug|Any CPU
		{5300AE98-3973-4E93-8989-A6D47C953711}.Debug|x86.Build.0 = Debug|Any CPU
		{5300AE98-3973-4E93-8989-A6D47C953711}.Release|Any CPU.ActiveCfg = Release|Any CPU
		{5300AE98-3973-4E93-8989-A6D47C953711}.Release|Any CPU.Build.0 = Release|Any CPU
		{5300AE98-3973-4E93-8989-A6D47C953711}.Release|x64.ActiveCfg = Release|Any CPU
		{5300AE98-3973-4E93-8989-A6D47C953711}.Release|x64.Build.0 = Release|Any CPU
		{5300AE98-3973-4E93-8989-A6D47C953711}.Release|x86.ActiveCfg = Release|Any CPU
		{5300AE98-3973-4E93-8989-A6D47C953711}.Release|x86.Build.0 = Release|Any CPU
		{D854FBF1-89BC-4390-9FD0-5B5286F17F58}.Debug|Any CPU.ActiveCfg = Debug|Any CPU
		{D854FBF1-89BC-4390-9FD0-5B5286F17F58}.Debug|Any CPU.Build.0 = Debug|Any CPU
		{D854FBF1-89BC-4390-9FD0-5B5286F17F58}.Debug|x64.ActiveCfg = Debug|Any CPU
		{D854FBF1-89BC-4390-9FD0-5B5286F17F58}.Debug|x64.Build.0 = Debug|Any CPU
		{D854FBF1-89BC-4390-9FD0-5B5286F17F58}.Debug|x86.ActiveCfg = Debug|Any CPU
		{D854FBF1-89BC-4390-9FD0-5B5286F17F58}.Debug|x86.Build.0 = Debug|Any CPU
		{D854FBF1-89BC-4390-9FD0-5B5286F17F58}.Release|Any CPU.ActiveCfg = Release|Any CPU
		{D854FBF1-89BC-4390-9FD0-5B5286F17F58}.Release|Any CPU.Build.0 = Release|Any CPU
		{D854FBF1-89BC-4390-9FD0-5B5286F17F58}.Release|x64.ActiveCfg = Release|Any CPU
		{D854FBF1-89BC-4390-9FD0-5B5286F17F58}.Release|x64.Build.0 = Release|Any CPU
		{D854FBF1-89BC-4390-9FD0-5B5286F17F58}.Release|x86.ActiveCfg = Release|Any CPU
		{D854FBF1-89BC-4390-9FD0-5B5286F17F58}.Release|x86.Build.0 = Release|Any CPU
		{D7F8945F-13E6-4E50-8344-8B4B5DD69198}.Debug|Any CPU.ActiveCfg = Debug|Any CPU
		{D7F8945F-13E6-4E50-8344-8B4B5DD69198}.Debug|Any CPU.Build.0 = Debug|Any CPU
		{D7F8945F-13E6-4E50-8344-8B4B5DD69198}.Debug|x64.ActiveCfg = Debug|Any CPU
		{D7F8945F-13E6-4E50-8344-8B4B5DD69198}.Debug|x64.Build.0 = Debug|Any CPU
		{D7F8945F-13E6-4E50-8344-8B4B5DD69198}.Debug|x86.ActiveCfg = Debug|Any CPU
		{D7F8945F-13E6-4E50-8344-8B4B5DD69198}.Debug|x86.Build.0 = Debug|Any CPU
		{D7F8945F-13E6-4E50-8344-8B4B5DD69198}.Release|Any CPU.ActiveCfg = Release|Any CPU
		{D7F8945F-13E6-4E50-8344-8B4B5DD69198}.Release|Any CPU.Build.0 = Release|Any CPU
		{D7F8945F-13E6-4E50-8344-8B4B5DD69198}.Release|x64.ActiveCfg = Release|Any CPU
		{D7F8945F-13E6-4E50-8344-8B4B5DD69198}.Release|x64.Build.0 = Release|Any CPU
		{D7F8945F-13E6-4E50-8344-8B4B5DD69198}.Release|x86.ActiveCfg = Release|Any CPU
		{D7F8945F-13E6-4E50-8344-8B4B5DD69198}.Release|x86.Build.0 = Release|Any CPU
		{D80BDBB7-544D-4C6C-975A-F931E4A86069}.Debug|Any CPU.ActiveCfg = Debug|Any CPU
		{D80BDBB7-544D-4C6C-975A-F931E4A86069}.Debug|Any CPU.Build.0 = Debug|Any CPU
		{D80BDBB7-544D-4C6C-975A-F931E4A86069}.Debug|x64.ActiveCfg = Debug|Any CPU
		{D80BDBB7-544D-4C6C-975A-F931E4A86069}.Debug|x64.Build.0 = Debug|Any CPU
		{D80BDBB7-544D-4C6C-975A-F931E4A86069}.Debug|x86.ActiveCfg = Debug|Any CPU
		{D80BDBB7-544D-4C6C-975A-F931E4A86069}.Debug|x86.Build.0 = Debug|Any CPU
		{D80BDBB7-544D-4C6C-975A-F931E4A86069}.Release|Any CPU.ActiveCfg = Release|Any CPU
		{D80BDBB7-544D-4C6C-975A-F931E4A86069}.Release|Any CPU.Build.0 = Release|Any CPU
		{D80BDBB7-544D-4C6C-975A-F931E4A86069}.Release|x64.ActiveCfg = Release|Any CPU
		{D80BDBB7-544D-4C6C-975A-F931E4A86069}.Release|x64.Build.0 = Release|Any CPU
		{D80BDBB7-544D-4C6C-975A-F931E4A86069}.Release|x86.ActiveCfg = Release|Any CPU
		{D80BDBB7-544D-4C6C-975A-F931E4A86069}.Release|x86.Build.0 = Release|Any CPU
	EndGlobalSection
	GlobalSection(SolutionProperties) = preSolution
		HideSolutionNode = FALSE
	EndGlobalSection
	GlobalSection(ExtensibilityGlobals) = postSolution
		SolutionGuid = {5904CFCD-FD7A-401C-B28E-64C53D1148EF}
	EndGlobalSection
EndGlobal
